<Solution>
  <Folder Name="/src/">
    <Project Path="src/SwarmKeyDb.Migrate/SwarmKeyDb.Migrate.csproj" />
    <Project Path="src/SwarmKeyDb.Cli/SwarmKeyDb.Cli.csproj" />
    <Project Path="src/SwarmKeyDb.Server/SwarmKeyDb.Server.csproj" />
    <Project Path="src/SwarmKeyDb/SwarmKeyDb.csproj" />
  </Folder>
  <Folder Name="/tests/">
    <Project Path="tests/SwarmKeyDb.Tests/SwarmKeyDb.Tests.csproj" />
  </Folder>
</Solution>
