{
  "name": "swarm-keydb-node",
  "version": "0.1.0",
  "lockfileVersion": 3,
  "requires": true,
  "packages": {
    "": {
      "name": "swarm-keydb-node",
      "version": "0.1.0",
      "license": "MIT",
      "dependencies": {
        "swarm-keydb-js": "file:../swarm-keydb-js"
      }
    },
    "../swarm-keydb-js": {
      "version": "0.1.0",
      "license": "MIT",
      "dependencies": {
        "redis": "^4.7.0"
      }
    },
    "node_modules/swarm-keydb-js": {
      "resolved": "../swarm-keydb-js",
      "link": true
    }
  }
}
